
Microsoft Visual Studio Solution File, Format Version 12.00
# Visual Studio 15
VisualStudioVersion = 15.0.26730.12
MinimumVisualStudioVersion = 10.0.40219.1
Project("{FAE04EC0-301F-11D3-BF4B-00C04F79EFBC}") = "CaloryCalculatorLibrary", "CaloryCalculatorLib\CaloryCalculatorLibrary.csproj", "{7F40C6CE-354B-4BFF-A250-E00D38D8AD29}"
EndProject
Project("{FAE04EC0-301F-11D3-BF4B-00C04F79EFBC}") = "CaloryCalculatorWinForms", "CaloryCalculatorWinForms\CaloryCalculatorWinForms.csproj", "{FE7BA352-D450-4BF7-82C4-8434227204D3}"
EndProject
Global
	GlobalSection(SolutionConfigurationPlatforms) = preSolution
		Debug|Any CPU = Debug|Any CPU
		Release|Any CPU = Release|Any CPU
	EndGlobalSection
	GlobalSection(ProjectConfigurationPlatforms) = postSolution
		{7F40C6CE-354B-4BFF-A250-E00D38D8AD29}.Debug|Any CPU.ActiveCfg = Debug|Any CPU
		{7F40C6CE-354B-4BFF-A250-E00D38D8AD29}.Debug|Any CPU.Build.0 = Debug|Any CPU
		{7F40C6CE-354B-4BFF-A250-E00D38D8AD29}.Release|Any CPU.ActiveCfg = Release|Any CPU
		{7F40C6CE-354B-4BFF-A250-E00D38D8AD29}.Release|Any CPU.Build.0 = Release|Any CPU
		{FE7BA352-D450-4BF7-82C4-8434227204D3}.Debug|Any CPU.ActiveCfg = Debug|Any CPU
		{FE7BA352-D450-4BF7-82C4-8434227204D3}.Debug|Any CPU.Build.0 = Debug|Any CPU
		{FE7BA352-D450-4BF7-82C4-8434227204D3}.Release|Any CPU.ActiveCfg = Release|Any CPU
		{FE7BA352-D450-4BF7-82C4-8434227204D3}.Release|Any CPU.Build.0 = Release|Any CPU
	EndGlobalSection
	GlobalSection(SolutionProperties) = preSolution
		HideSolutionNode = FALSE
	EndGlobalSection
	GlobalSection(ExtensibilityGlobals) = postSolution
		SolutionGuid = {67AA5FAF-63BE-4B4B-A122-AB08F0A4B479}
	EndGlobalSection
EndGlobal
